
Microsoft Visual Studio Solution File, Format Version 12.00
# Visual Studio 15
VisualStudioVersion = 15.0.28307.960
MinimumVisualStudioVersion = 10.0.40219.1
Project("{FAE04EC0-301F-11D3-BF4B-00C04F79EFBC}") = "ECommerce", "ECommerce\ECommerce.csproj", "{8EAF35E8-A320-48D3-A576-692A2BEECAF0}"
EndProject
Global
	GlobalSection(SolutionConfigurationPlatforms) = preSolution
		Debug|Any CPU = Debug|Any CPU
		Release|Any CPU = Release|Any CPU
	EndGlobalSection
	GlobalSection(ProjectConfigurationPlatforms) = postSolution
		{8EAF35E8-A320-48D3-A576-692A2BEECAF0}.Debug|Any CPU.ActiveCfg = Debug|Any CPU
		{8EAF35E8-A320-48D3-A576-692A2BEECAF0}.Debug|Any CPU.Build.0 = Debug|Any CPU
		{8EAF35E8-A320-48D3-A576-692A2BEECAF0}.Release|Any CPU.ActiveCfg = Release|Any CPU
		{8EAF35E8-A320-48D3-A576-692A2BEECAF0}.Release|Any CPU.Build.0 = Release|Any CPU
	EndGlobalSection
	GlobalSection(SolutionProperties) = preSolution
		HideSolutionNode = FALSE
	EndGlobalSection
	GlobalSection(ExtensibilityGlobals) = postSolution
		SolutionGuid = {C5260A21-94A8-47A2-A923-B5F3343D33D7}
	EndGlobalSection
EndGlobal
